
Microsoft Visual Studio Solution File, Format Version 12.00
# Visual Studio Version 17
VisualStudioVersion = 17.10.35122.118
MinimumVisualStudioVersion = 10.0.40219.1
Project("{FAE04EC0-301F-11D3-BF4B-00C04F79EFBC}") = "YoutubeEnes-1", "YoutubeEnes-1\YoutubeEnes-1.csproj", "{5EDF29F8-C5C0-4BAB-AB88-2B6A41AB9DBB}"
EndProject
Project("{FAE04EC0-301F-11D3-BF4B-00C04F79EFBC}") = "MiniATM", "MiniATM\MiniATM.csproj", "{E19642E3-83DA-4B93-9A49-92B683864206}"
EndProject
Project("{FAE04EC0-301F-11D3-BF4B-00C04F79EFBC}") = "BedenKitleEndeksi", "BedenKitleEndeksi\BedenKitleEndeksi.csproj", "{3DEAE0B9-1729-45BD-AED1-A237DF7EE724}"
EndProject
Project("{FAE04EC0-301F-11D3-BF4B-00C04F79EFBC}") = "MiniATMSwich", "MiniATMSwich\MiniATMSwich.csproj", "{7B04EE0B-01AE-4763-A727-440B4D0FCA3D}"
EndProject
Project("{FAE04EC0-301F-11D3-BF4B-00C04F79EFBC}") = "ForDongu", "ForDongu\ForDongu.csproj", "{9C29F2CB-6111-455F-B276-CA98647F4E73}"
EndProject
Project("{FAE04EC0-301F-11D3-BF4B-00C04F79EFBC}") = "IcIceForDongusu", "IcIceForDongusu\IcIceForDongusu.csproj", "{A93DC6F7-0459-43DD-8695-DDAC10B0F0C0}"
EndProject
Project("{FAE04EC0-301F-11D3-BF4B-00C04F79EFBC}") = "WhileDongusu", "WhileDongusu\WhileDongusu.csproj", "{F9CD2729-86FF-49B7-9729-998279B3B7FC}"
EndProject
Project("{FAE04EC0-301F-11D3-BF4B-00C04F79EFBC}") = "DoWhileDongusu", "DoWhileDongusu\DoWhileDongusu.csproj", "{E03C3EA4-2116-448A-B187-8775831BC7F9}"
EndProject
Project("{FAE04EC0-301F-11D3-BF4B-00C04F79EFBC}") = "CarpımTaplosu", "CarpımTaplosu\CarpımTaplosu.csproj", "{2B312607-1EE0-4637-B0AB-4A02B134F1FA}"
EndProject
Project("{FAE04EC0-301F-11D3-BF4B-00C04F79EFBC}") = "LoginUygulaması", "LoginUygulaması\LoginUygulaması.csproj", "{45557CF0-7B6E-4661-B226-058840D13EB0}"
EndProject
Project("{FAE04EC0-301F-11D3-BF4B-00C04F79EFBC}") = "KullanıcıdanSayıAl", "KullanıcıdanSayıAl\KullanıcıdanSayıAl.csproj", "{76BCB4ED-F68F-4A3B-9F3D-C1A779B63370}"
EndProject
Project("{FAE04EC0-301F-11D3-BF4B-00C04F79EFBC}") = "DiziArray", "DiziArray\DiziArray.csproj", "{19160A6D-70FC-4B16-A4E9-7D09208DC836}"
EndProject
Project("{FAE04EC0-301F-11D3-BF4B-00C04F79EFBC}") = "KullanıcanArrayAlmak", "KullanıcanArrayAlmak\KullanıcanArrayAlmak.csproj", "{0188A4F9-0599-41B2-9700-D26F1FD693F3}"
EndProject
Project("{FAE04EC0-301F-11D3-BF4B-00C04F79EFBC}") = "KullanıcıdanAlınanDegerlerVarMı", "KullanıcıdanAlınanDegerlerVarMı\KullanıcıdanAlınanDegerlerVarMı.csproj", "{B44A69E4-7FCE-48CF-8852-5D665C8E7696}"
EndProject
Project("{FAE04EC0-301F-11D3-BF4B-00C04F79EFBC}") = "KullanıcıdanAlınanDegerlerleIslemler", "KullanıcıdanAlınanDegerlerleIslemler\KullanıcıdanAlınanDegerlerleIslemler.csproj", "{F076B272-48D5-418C-A94F-567953FCAC1F}"
EndProject
Project("{FAE04EC0-301F-11D3-BF4B-00C04F79EFBC}") = "ReturnMetod", "ReturnMetod\ReturnMetod.csproj", "{7EBAF074-C27F-41B1-A33F-726AC2A5B3FA}"
EndProject
Project("{FAE04EC0-301F-11D3-BF4B-00C04F79EFBC}") = "GirileninKaresiniAlmak", "GirileninKaresiniAlmak\GirileninKaresiniAlmak.csproj", "{053CC101-4B80-4969-BD06-A7E0269F0081}"
EndProject
Project("{FAE04EC0-301F-11D3-BF4B-00C04F79EFBC}") = "GirilenSayTekMiCiftMi", "GirilenSayTekMiCiftMi\GirilenSayTekMiCiftMi.csproj", "{7E6C2134-5EC0-41AE-A88F-7C7B4BCFEEFD}"
EndProject
Project("{FAE04EC0-301F-11D3-BF4B-00C04F79EFBC}") = "GirilenSayınınHangisiBuyuk", "GirilenSayınınHangisiBuyuk\GirilenSayınınHangisiBuyuk.csproj", "{EA8D99BC-6DA3-4279-A172-65DC06BCAA3D}"
EndProject
Project("{FAE04EC0-301F-11D3-BF4B-00C04F79EFBC}") = "Araba", "Araba\Araba.csproj", "{811C96B2-6D34-4A4F-837D-D7CED0BE0016}"
EndProject
Project("{FAE04EC0-301F-11D3-BF4B-00C04F79EFBC}") = "OgrenciUygulaması", "OgrenciUygulaması\OgrenciUygulaması.csproj", "{ABCF024D-71D1-4B85-B0A4-6CD3C0AA52A8}"
EndProject
Project("{FAE04EC0-301F-11D3-BF4B-00C04F79EFBC}") = "KapsullemeOdev", "KapsullemeOdev\KapsullemeOdev.csproj", "{E3963362-90F2-4995-A9FD-FDD0673CCA24}"
EndProject
Project("{FAE04EC0-301F-11D3-BF4B-00C04F79EFBC}") = "StaticMetotKullanımı", "StaticMetotKullanımı\StaticMetotKullanımı.csproj", "{657DA57C-1856-4CFF-B365-1AB0AC79EA3F}"
EndProject
Global
	GlobalSection(SolutionConfigurationPlatforms) = preSolution
		Debug|Any CPU = Debug|Any CPU
		Release|Any CPU = Release|Any CPU
	EndGlobalSection
	GlobalSection(ProjectConfigurationPlatforms) = postSolution
		{5EDF29F8-C5C0-4BAB-AB88-2B6A41AB9DBB}.Debug|Any CPU.ActiveCfg = Debug|Any CPU
		{5EDF29F8-C5C0-4BAB-AB88-2B6A41AB9DBB}.Debug|Any CPU.Build.0 = Debug|Any CPU
		{5EDF29F8-C5C0-4BAB-AB88-2B6A41AB9DBB}.Release|Any CPU.ActiveCfg = Release|Any CPU
		{5EDF29F8-C5C0-4BAB-AB88-2B6A41AB9DBB}.Release|Any CPU.Build.0 = Release|Any CPU
		{E19642E3-83DA-4B93-9A49-92B683864206}.Debug|Any CPU.ActiveCfg = Debug|Any CPU
		{E19642E3-83DA-4B93-9A49-92B683864206}.Debug|Any CPU.Build.0 = Debug|Any CPU
		{E19642E3-83DA-4B93-9A49-92B683864206}.Release|Any CPU.ActiveCfg = Release|Any CPU
		{E19642E3-83DA-4B93-9A49-92B683864206}.Release|Any CPU.Build.0 = Release|Any CPU
		{3DEAE0B9-1729-45BD-AED1-A237DF7EE724}.Debug|Any CPU.ActiveCfg = Debug|Any CPU
		{3DEAE0B9-1729-45BD-AED1-A237DF7EE724}.Debug|Any CPU.Build.0 = Debug|Any CPU
		{3DEAE0B9-1729-45BD-AED1-A237DF7EE724}.Release|Any CPU.ActiveCfg = Release|Any CPU
		{3DEAE0B9-1729-45BD-AED1-A237DF7EE724}.Release|Any CPU.Build.0 = Release|Any CPU
		{7B04EE0B-01AE-4763-A727-440B4D0FCA3D}.Debug|Any CPU.ActiveCfg = Debug|Any CPU
		{7B04EE0B-01AE-4763-A727-440B4D0FCA3D}.Debug|Any CPU.Build.0 = Debug|Any CPU
		{7B04EE0B-01AE-4763-A727-440B4D0FCA3D}.Release|Any CPU.ActiveCfg = Release|Any CPU
		{7B04EE0B-01AE-4763-A727-440B4D0FCA3D}.Release|Any CPU.Build.0 = Release|Any CPU
		{9C29F2CB-6111-455F-B276-CA98647F4E73}.Debug|Any CPU.ActiveCfg = Debug|Any CPU
		{9C29F2CB-6111-455F-B276-CA98647F4E73}.Debug|Any CPU.Build.0 = Debug|Any CPU
		{9C29F2CB-6111-455F-B276-CA98647F4E73}.Release|Any CPU.ActiveCfg = Release|Any CPU
		{9C29F2CB-6111-455F-B276-CA98647F4E73}.Release|Any CPU.Build.0 = Release|Any CPU
		{A93DC6F7-0459-43DD-8695-DDAC10B0F0C0}.Debug|Any CPU.ActiveCfg = Debug|Any CPU
		{A93DC6F7-0459-43DD-8695-DDAC10B0F0C0}.Debug|Any CPU.Build.0 = Debug|Any CPU
		{A93DC6F7-0459-43DD-8695-DDAC10B0F0C0}.Release|Any CPU.ActiveCfg = Release|Any CPU
		{A93DC6F7-0459-43DD-8695-DDAC10B0F0C0}.Release|Any CPU.Build.0 = Release|Any CPU
		{F9CD2729-86FF-49B7-9729-998279B3B7FC}.Debug|Any CPU.ActiveCfg = Debug|Any CPU
		{F9CD2729-86FF-49B7-9729-998279B3B7FC}.Debug|Any CPU.Build.0 = Debug|Any CPU
		{F9CD2729-86FF-49B7-9729-998279B3B7FC}.Release|Any CPU.ActiveCfg = Release|Any CPU
		{F9CD2729-86FF-49B7-9729-998279B3B7FC}.Release|Any CPU.Build.0 = Release|Any CPU
		{E03C3EA4-2116-448A-B187-8775831BC7F9}.Debug|Any CPU.ActiveCfg = Debug|Any CPU
		{E03C3EA4-2116-448A-B187-8775831BC7F9}.Debug|Any CPU.Build.0 = Debug|Any CPU
		{E03C3EA4-2116-448A-B187-8775831BC7F9}.Release|Any CPU.ActiveCfg = Release|Any CPU
		{E03C3EA4-2116-448A-B187-8775831BC7F9}.Release|Any CPU.Build.0 = Release|Any CPU
		{2B312607-1EE0-4637-B0AB-4A02B134F1FA}.Debug|Any CPU.ActiveCfg = Debug|Any CPU
		{2B312607-1EE0-4637-B0AB-4A02B134F1FA}.Debug|Any CPU.Build.0 = Debug|Any CPU
		{2B312607-1EE0-4637-B0AB-4A02B134F1FA}.Release|Any CPU.ActiveCfg = Release|Any CPU
		{2B312607-1EE0-4637-B0AB-4A02B134F1FA}.Release|Any CPU.Build.0 = Release|Any CPU
		{45557CF0-7B6E-4661-B226-058840D13EB0}.Debug|Any CPU.ActiveCfg = Debug|Any CPU
		{45557CF0-7B6E-4661-B226-058840D13EB0}.Debug|Any CPU.Build.0 = Debug|Any CPU
		{45557CF0-7B6E-4661-B226-058840D13EB0}.Release|Any CPU.ActiveCfg = Release|Any CPU
		{45557CF0-7B6E-4661-B226-058840D13EB0}.Release|Any CPU.Build.0 = Release|Any CPU
		{76BCB4ED-F68F-4A3B-9F3D-C1A779B63370}.Debug|Any CPU.ActiveCfg = Debug|Any CPU
		{76BCB4ED-F68F-4A3B-9F3D-C1A779B63370}.Debug|Any CPU.Build.0 = Debug|Any CPU
		{76BCB4ED-F68F-4A3B-9F3D-C1A779B63370}.Release|Any CPU.ActiveCfg = Release|Any CPU
		{76BCB4ED-F68F-4A3B-9F3D-C1A779B63370}.Release|Any CPU.Build.0 = Release|Any CPU
		{19160A6D-70FC-4B16-A4E9-7D09208DC836}.Debug|Any CPU.ActiveCfg = Debug|Any CPU
		{19160A6D-70FC-4B16-A4E9-7D09208DC836}.Debug|Any CPU.Build.0 = Debug|Any CPU
		{19160A6D-70FC-4B16-A4E9-7D09208DC836}.Release|Any CPU.ActiveCfg = Release|Any CPU
		{19160A6D-70FC-4B16-A4E9-7D09208DC836}.Release|Any CPU.Build.0 = Release|Any CPU
		{0188A4F9-0599-41B2-9700-D26F1FD693F3}.Debug|Any CPU.ActiveCfg = Debug|Any CPU
		{0188A4F9-0599-41B2-9700-D26F1FD693F3}.Debug|Any CPU.Build.0 = Debug|Any CPU
		{0188A4F9-0599-41B2-9700-D26F1FD693F3}.Release|Any CPU.ActiveCfg = Release|Any CPU
		{0188A4F9-0599-41B2-9700-D26F1FD693F3}.Release|Any CPU.Build.0 = Release|Any CPU
		{B44A69E4-7FCE-48CF-8852-5D665C8E7696}.Debug|Any CPU.ActiveCfg = Debug|Any CPU
		{B44A69E4-7FCE-48CF-8852-5D665C8E7696}.Debug|Any CPU.Build.0 = Debug|Any CPU
		{B44A69E4-7FCE-48CF-8852-5D665C8E7696}.Release|Any CPU.ActiveCfg = Release|Any CPU
		{B44A69E4-7FCE-48CF-8852-5D665C8E7696}.Release|Any CPU.Build.0 = Release|Any CPU
		{F076B272-48D5-418C-A94F-567953FCAC1F}.Debug|Any CPU.ActiveCfg = Debug|Any CPU
		{F076B272-48D5-418C-A94F-567953FCAC1F}.Debug|Any CPU.Build.0 = Debug|Any CPU
		{F076B272-48D5-418C-A94F-567953FCAC1F}.Release|Any CPU.ActiveCfg = Release|Any CPU
		{F076B272-48D5-418C-A94F-567953FCAC1F}.Release|Any CPU.Build.0 = Release|Any CPU
		{7EBAF074-C27F-41B1-A33F-726AC2A5B3FA}.Debug|Any CPU.ActiveCfg = Debug|Any CPU
		{7EBAF074-C27F-41B1-A33F-726AC2A5B3FA}.Debug|Any CPU.Build.0 = Debug|Any CPU
		{7EBAF074-C27F-41B1-A33F-726AC2A5B3FA}.Release|Any CPU.ActiveCfg = Release|Any CPU
		{7EBAF074-C27F-41B1-A33F-726AC2A5B3FA}.Release|Any CPU.Build.0 = Release|Any CPU
		{053CC101-4B80-4969-BD06-A7E0269F0081}.Debug|Any CPU.ActiveCfg = Debug|Any CPU
		{053CC101-4B80-4969-BD06-A7E0269F0081}.Debug|Any CPU.Build.0 = Debug|Any CPU
		{053CC101-4B80-4969-BD06-A7E0269F0081}.Release|Any CPU.ActiveCfg = Release|Any CPU
		{053CC101-4B80-4969-BD06-A7E0269F0081}.Release|Any CPU.Build.0 = Release|Any CPU
		{7E6C2134-5EC0-41AE-A88F-7C7B4BCFEEFD}.Debug|Any CPU.ActiveCfg = Debug|Any CPU
		{7E6C2134-5EC0-41AE-A88F-7C7B4BCFEEFD}.Debug|Any CPU.Build.0 = Debug|Any CPU
		{7E6C2134-5EC0-41AE-A88F-7C7B4BCFEEFD}.Release|Any CPU.ActiveCfg = Release|Any CPU
		{7E6C2134-5EC0-41AE-A88F-7C7B4BCFEEFD}.Release|Any CPU.Build.0 = Release|Any CPU
		{EA8D99BC-6DA3-4279-A172-65DC06BCAA3D}.Debug|Any CPU.ActiveCfg = Debug|Any CPU
		{EA8D99BC-6DA3-4279-A172-65DC06BCAA3D}.Debug|Any CPU.Build.0 = Debug|Any CPU
		{EA8D99BC-6DA3-4279-A172-65DC06BCAA3D}.Release|Any CPU.ActiveCfg = Release|Any CPU
		{EA8D99BC-6DA3-4279-A172-65DC06BCAA3D}.Release|Any CPU.Build.0 = Release|Any CPU
		{811C96B2-6D34-4A4F-837D-D7CED0BE0016}.Debug|Any CPU.ActiveCfg = Debug|Any CPU
		{811C96B2-6D34-4A4F-837D-D7CED0BE0016}.Debug|Any CPU.Build.0 = Debug|Any CPU
		{811C96B2-6D34-4A4F-837D-D7CED0BE0016}.Release|Any CPU.ActiveCfg = Release|Any CPU
		{811C96B2-6D34-4A4F-837D-D7CED0BE0016}.Release|Any CPU.Build.0 = Release|Any CPU
		{ABCF024D-71D1-4B85-B0A4-6CD3C0AA52A8}.Debug|Any CPU.ActiveCfg = Debug|Any CPU
		{ABCF024D-71D1-4B85-B0A4-6CD3C0AA52A8}.Debug|Any CPU.Build.0 = Debug|Any CPU
		{ABCF024D-71D1-4B85-B0A4-6CD3C0AA52A8}.Release|Any CPU.ActiveCfg = Release|Any CPU
		{ABCF024D-71D1-4B85-B0A4-6CD3C0AA52A8}.Release|Any CPU.Build.0 = Release|Any CPU
		{E3963362-90F2-4995-A9FD-FDD0673CCA24}.Debug|Any CPU.ActiveCfg = Debug|Any CPU
		{E3963362-90F2-4995-A9FD-FDD0673CCA24}.Debug|Any CPU.Build.0 = Debug|Any CPU
		{E3963362-90F2-4995-A9FD-FDD0673CCA24}.Release|Any CPU.ActiveCfg = Release|Any CPU
		{E3963362-90F2-4995-A9FD-FDD0673CCA24}.Release|Any CPU.Build.0 = Release|Any CPU
		{657DA57C-1856-4CFF-B365-1AB0AC79EA3F}.Debug|Any CPU.ActiveCfg = Debug|Any CPU
		{657DA57C-1856-4CFF-B365-1AB0AC79EA3F}.Debug|Any CPU.Build.0 = Debug|Any CPU
		{657DA57C-1856-4CFF-B365-1AB0AC79EA3F}.Release|Any CPU.ActiveCfg = Release|Any CPU
		{657DA57C-1856-4CFF-B365-1AB0AC79EA3F}.Release|Any CPU.Build.0 = Release|Any CPU
	EndGlobalSection
	GlobalSection(SolutionProperties) = preSolution
		HideSolutionNode = FALSE
	EndGlobalSection
	GlobalSection(ExtensibilityGlobals) = postSolution
		SolutionGuid = {31C5FC58-E567-4C8D-A025-BC4161AC3FA4}
	EndGlobalSection
EndGlobal
